
Microsoft Visual Studio Solution File, Format Version 12.00
# Visual Studio Version 17
VisualStudioVersion = 17.0.32112.339
MinimumVisualStudioVersion = 10.0.40219.1
Project("{FAE04EC0-301F-11D3-BF4B-00C04F79EFBC}") = "HashTable", "HashTable\HashTable.csproj", "{E1AF65B8-8CF9-4F77-AA9F-189BC1B8721E}"
EndProject
Global
	GlobalSection(SolutionConfigurationPlatforms) = preSolution
		Debug|Any CPU = Debug|Any CPU
		Release|Any CPU = Release|Any CPU
	EndGlobalSection
	GlobalSection(ProjectConfigurationPlatforms) = postSolution
		{E1AF65B8-8CF9-4F77-AA9F-189BC1B8721E}.Debug|Any CPU.ActiveCfg = Debug|Any CPU
		{E1AF65B8-8CF9-4F77-AA9F-189BC1B8721E}.Debug|Any CPU.Build.0 = Debug|Any CPU
		{E1AF65B8-8CF9-4F77-AA9F-189BC1B8721E}.Release|Any CPU.ActiveCfg = Release|Any CPU
		{E1AF65B8-8CF9-4F77-AA9F-189BC1B8721E}.Release|Any CPU.Build.0 = Release|Any CPU
	EndGlobalSection
	GlobalSection(SolutionProperties) = preSolution
		HideSolutionNode = FALSE
	EndGlobalSection
	GlobalSection(ExtensibilityGlobals) = postSolution
		SolutionGuid = {2BD22FBA-38A0-4131-8FA1-26008DAE84B2}
	EndGlobalSection
EndGlobal
